
Microsoft Visual Studio Solution File, Format Version 12.00
# Visual Studio Version 16
VisualStudioVersion = 16.0.30225.117
MinimumVisualStudioVersion = 10.0.40219.1
Project("{FAE04EC0-301F-11D3-BF4B-00C04F79EFBC}") = "WebApplication6", "WebApplication6.csproj", "{44D81E2B-677F-4544-A302-C1D321AABF6E}"
EndProject
Global
	GlobalSection(SolutionConfigurationPlatforms) = preSolution
		Debug|Any CPU = Debug|Any CPU
		Release|Any CPU = Release|Any CPU
	EndGlobalSection
	GlobalSection(ProjectConfigurationPlatforms) = postSolution
		{44D81E2B-677F-4544-A302-C1D321AABF6E}.Debug|Any CPU.ActiveCfg = Debug|Any CPU
		{44D81E2B-677F-4544-A302-C1D321AABF6E}.Debug|Any CPU.Build.0 = Debug|Any CPU
		{44D81E2B-677F-4544-A302-C1D321AABF6E}.Release|Any CPU.ActiveCfg = Release|Any CPU
		{44D81E2B-677F-4544-A302-C1D321AABF6E}.Release|Any CPU.Build.0 = Release|Any CPU
	EndGlobalSection
	GlobalSection(SolutionProperties) = preSolution
		HideSolutionNode = FALSE
	EndGlobalSection
	GlobalSection(ExtensibilityGlobals) = postSolution
		SolutionGuid = {F6273376-B79F-4913-9397-08132433AD09}
	EndGlobalSection
EndGlobal
